
Microsoft Visual Studio Solution File, Format Version 12.00
Project("{FAE04EC0-301F-11D3-BF4B-00C04F79EFBC}") = "FizzBuzz", "FizzBuzz\FizzBuzz.csproj", "{BC8B7D68-05A3-4052-9EFB-DCEA2C75CFBE}"
EndProject
Global
	GlobalSection(SolutionConfigurationPlatforms) = preSolution
		Debug|Any CPU = Debug|Any CPU
		Release|Any CPU = Release|Any CPU
	EndGlobalSection
	GlobalSection(ProjectConfigurationPlatforms) = postSolution
		{BC8B7D68-05A3-4052-9EFB-DCEA2C75CFBE}.Debug|Any CPU.ActiveCfg = Debug|Any CPU
		{BC8B7D68-05A3-4052-9EFB-DCEA2C75CFBE}.Debug|Any CPU.Build.0 = Debug|Any CPU
		{BC8B7D68-05A3-4052-9EFB-DCEA2C75CFBE}.Release|Any CPU.ActiveCfg = Release|Any CPU
		{BC8B7D68-05A3-4052-9EFB-DCEA2C75CFBE}.Release|Any CPU.Build.0 = Release|Any CPU
	EndGlobalSection
EndGlobal
